// !$*UTF8*$!
{
	archiveVersion = 1;
	classes = {
	};
	objectVersion = 48;
	objects = {

/* Begin PBXBuildFile section */
		22474D2DA2CA7156361B1882 /* Pods_Todoey.framework in Frameworks */ = {isa = PBXBuildFile; fileRef = B6FB268CD56D4546BCF81355 /* Pods_Todoey.framework */; };
		AAA1B25E2020BA5D00BAE997 /* AppDelegate.swift in Sources */ = {isa = PBXBuildFile; fileRef = AAA1B25D2020BA5D00BAE997 /* AppDelegate.swift */; };
		AAA1B2602020BA5D00BAE997 /* TodoListViewController.swift in Sources */ = {isa = PBXBuildFile; fileRef = AAA1B25F2020BA5D00BAE997 /* TodoListViewController.swift */; };
		AAA1B2632020BA5D00BAE997 /* Main.storyboard in Resources */ = {isa = PBXBuildFile; fileRef = AAA1B2612020BA5D00BAE997 /* Main.storyboard */; };
		AAA1B2652020BA5D00BAE997 /* Assets.xcassets in Resources */ = {isa = PBXBuildFile; fileRef = AAA1B2642020BA5D00BAE997 /* Assets.xcassets */; };
		AAA1B2682020BA5D00BAE997 /* LaunchScreen.storyboard in Resources */ = {isa = PBXBuildFile; fileRef = AAA1B2662020BA5D00BAE997 /* LaunchScreen.storyboard */; };
		AAA1B29820225DE500BAE997 /* DataModel.xcdatamodeld in Sources */ = {isa = PBXBuildFile; fileRef = AAA1B29620225DE500BAE997 /* DataModel.xcdatamodeld */; };
		AAA1B29C2024B76600BAE997 /* CategoryViewController.swift in Sources */ = {isa = PBXBuildFile; fileRef = AAA1B29B2024B76600BAE997 /* CategoryViewController.swift */; };
/* End PBXBuildFile section */

/* Begin PBXFileReference section */
		77F86DD78E8B92EFA43EBE7B /* Pods-Todoey.debug.xcconfig */ = {isa = PBXFileReference; includeInIndex = 1; lastKnownFileType = text.xcconfig; name = "Pods-Todoey.debug.xcconfig"; path = "Pods/Target Support Files/Pods-Todoey/Pods-Todoey.debug.xcconfig"; sourceTree = "<group>"; };
		7E1A43B509CE248F52650C67 /* Pods-Todoey.release.xcconfig */ = {isa = PBXFileReference; includeInIndex = 1; lastKnownFileType = text.xcconfig; name = "Pods-Todoey.release.xcconfig"; path = "Pods/Target Support Files/Pods-Todoey/Pods-Todoey.release.xcconfig"; sourceTree = "<group>"; };
		AAA1B25A2020BA5D00BAE997 /* Todoey.app */ = {isa = PBXFileReference; explicitFileType = wrapper.application; includeInIndex = 0; path = Todoey.app; sourceTree = BUILT_PRODUCTS_DIR; };
		AAA1B25D2020BA5D00BAE997 /* AppDelegate.swift */ = {isa = PBXFileReference; lastKnownFileType = sourcecode.swift; path = AppDelegate.swift; sourceTree = "<group>"; };
		AAA1B25F2020BA5D00BAE997 /* TodoListViewController.swift */ = {isa = PBXFileReference; lastKnownFileType = sourcecode.swift; path = TodoListViewController.swift; sourceTree = "<group>"; };
		AAA1B2622020BA5D00BAE997 /* Base */ = {isa = PBXFileReference; lastKnownFileType = file.storyboard; name = Base; path = Base.lproj/Main.storyboard; sourceTree = "<group>"; };
		AAA1B2642020BA5D00BAE997 /* Assets.xcassets */ = {isa = PBXFileReference; lastKnownFileType = folder.assetcatalog; path = Assets.xcassets; sourceTree = "<group>"; };
		AAA1B2672020BA5D00BAE997 /* Base */ = {isa = PBXFileReference; lastKnownFileType = file.storyboard; name = Base; path = Base.lproj/LaunchScreen.storyboard; sourceTree = "<group>"; };
		AAA1B2692020BA5D00BAE997 /* Info.plist */ = {isa = PBXFileReference; lastKnownFileType = text.plist.xml; path = Info.plist; sourceTree = "<group>"; };
		AAA1B29720225DE500BAE997 /* DataModel.xcdatamodel */ = {isa = PBXFileReference; lastKnownFileType = wrapper.xcdatamodel; path = DataModel.xcdatamodel; sourceTree = "<group>"; };
		AAA1B29B2024B76600BAE997 /* CategoryViewController.swift */ = {isa = PBXFileReference; lastKnownFileType = sourcecode.swift; path = CategoryViewController.swift; sourceTree = "<group>"; };
		B6FB268CD56D4546BCF81355 /* Pods_Todoey.framework */ = {isa = PBXFileReference; explicitFileType = wrapper.framework; includeInIndex = 0; path = Pods_Todoey.framework; sourceTree = BUILT_PRODUCTS_DIR; };
/* End PBXFileReference section */

/* Begin PBXFrameworksBuildPhase section */
		AAA1B2572020BA5D00BAE997 /* Frameworks */ = {
			isa = PBXFrameworksBuildPhase;
			buildActionMask = 2147483647;
			files = (
				22474D2DA2CA7156361B1882 /* Pods_Todoey.framework in Frameworks */,
			);
			runOnlyForDeploymentPostprocessing = 0;
		};
/* End PBXFrameworksBuildPhase section */

/* Begin PBXGroup section */
		15C8301218A2294647B28536 /* Pods */ = {
			isa = PBXGroup;
			children = (
				77F86DD78E8B92EFA43EBE7B /* Pods-Todoey.debug.xcconfig */,
				7E1A43B509CE248F52650C67 /* Pods-Todoey.release.xcconfig */,
			);
			name = Pods;
			sourceTree = "<group>";
		};
		518E517F5E2919A5CC598CDA /* Frameworks */ = {
			isa = PBXGroup;
			children = (
				B6FB268CD56D4546BCF81355 /* Pods_Todoey.framework */,
			);
			name = Frameworks;
			sourceTree = "<group>";
		};
		AAA1B2512020BA5D00BAE997 = {
			isa = PBXGroup;
			children = (
				AAA1B25C2020BA5D00BAE997 /* Todoey */,
				AAA1B25B2020BA5D00BAE997 /* Products */,
				15C8301218A2294647B28536 /* Pods */,
				518E517F5E2919A5CC598CDA /* Frameworks */,
			);
			sourceTree = "<group>";
		};
		AAA1B25B2020BA5D00BAE997 /* Products */ = {
			isa = PBXGroup;
			children = (
				AAA1B25A2020BA5D00BAE997 /* Todoey.app */,
			);
			name = Products;
			sourceTree = "<group>";
		};
		AAA1B25C2020BA5D00BAE997 /* Todoey */ = {
			isa = PBXGroup;
			children = (
				AAA1B25D2020BA5D00BAE997 /* AppDelegate.swift */,
				AAA1B2722021115B00BAE997 /* Controller */,
				AAA1B2712021114D00BAE997 /* Data Model */,
				AAA1B273202111C600BAE997 /* View */,
				AAA1B274202111DF00BAE997 /* Supporting Files */,
				AAA1B2692020BA5D00BAE997 /* Info.plist */,
			);
			path = Todoey;
			sourceTree = "<group>";
		};
		AAA1B2712021114D00BAE997 /* Data Model */ = {
			isa = PBXGroup;
			children = (
				AAA1B29620225DE500BAE997 /* DataModel.xcdatamodeld */,
			);
			path = "Data Model";
			sourceTree = "<group>";
		};
		AAA1B2722021115B00BAE997 /* Controller */ = {
			isa = PBXGroup;
			children = (
				AAA1B29B2024B76600BAE997 /* CategoryViewController.swift */,
				AAA1B25F2020BA5D00BAE997 /* TodoListViewController.swift */,
			);
			path = Controller;
			sourceTree = "<group>";
		};
		AAA1B273202111C600BAE997 /* View */ = {
			isa = PBXGroup;
			children = (
				AAA1B2612020BA5D00BAE997 /* Main.storyboard */,
			);
			path = View;
			sourceTree = "<group>";
		};
		AAA1B274202111DF00BAE997 /* Supporting Files */ = {
			isa = PBXGroup;
			children = (
				AAA1B2642020BA5D00BAE997 /* Assets.xcassets */,
				AAA1B2662020BA5D00BAE997 /* LaunchScreen.storyboard */,
			);
			path = "Supporting Files";
			sourceTree = "<group>";
		};
/* End PBXGroup section */

/* Begin PBXNativeTarget section */
		AAA1B2592020BA5D00BAE997 /* Todoey */ = {
			isa = PBXNativeTarget;
			buildConfigurationList = AAA1B26C2020BA5D00BAE997 /* Build configuration list for PBXNativeTarget "Todoey" */;
			buildPhases = (
				5DBB8417620757C1BC5E56FD /* [CP] Check Pods Manifest.lock */,
				AAA1B2562020BA5D00BAE997 /* Sources */,
				AAA1B2572020BA5D00BAE997 /* Frameworks */,
				AAA1B2582020BA5D00BAE997 /* Resources */,
				66EF82A49B802E5D4BA6E713 /* [CP] Embed Pods Frameworks */,
				426E741FB5B7583EFCDB411A /* [CP] Copy Pods Resources */,
			);
			buildRules = (
			);
			dependencies = (
			);
			name = Todoey;
			productName = Todoey;
			productReference = AAA1B25A2020BA5D00BAE997 /* Todoey.app */;
			productType = "com.apple.product-type.application";
		};
/* End PBXNativeTarget section */

/* Begin PBXProject section */
		AAA1B2522020BA5D00BAE997 /* Project object */ = {
			isa = PBXProject;
			attributes = {
				LastSwiftUpdateCheck = 0920;
				LastUpgradeCheck = 0920;
				ORGANIZATIONNAME = "Christian Lessard";
				TargetAttributes = {
					AAA1B2592020BA5D00BAE997 = {
						CreatedOnToolsVersion = 9.2;
						ProvisioningStyle = Automatic;
					};
				};
			};
			buildConfigurationList = AAA1B2552020BA5D00BAE997 /* Build configuration list for PBXProject "Todoey" */;
			compatibilityVersion = "Xcode 8.0";
			developmentRegion = en;
			hasScannedForEncodings = 0;
			knownRegions = (
				en,
				Base,
			);
			mainGroup = AAA1B2512020BA5D00BAE997;
			productRefGroup = AAA1B25B2020BA5D00BAE997 /* Products */;
			projectDirPath = "";
			projectRoot = "";
			targets = (
				AAA1B2592020BA5D00BAE997 /* Todoey */,
			);
		};
/* End PBXProject section */

/* Begin PBXResourcesBuildPhase section */
		AAA1B2582020BA5D00BAE997 /* Resources */ = {
			isa = PBXResourcesBuildPhase;
			buildActionMask = 2147483647;
			files = (
				AAA1B2682020BA5D00BAE997 /* LaunchScreen.storyboard in Resources */,
				AAA1B2652020BA5D00BAE997 /* Assets.xcassets in Resources */,
				AAA1B2632020BA5D00BAE997 /* Main.storyboard in Resources */,
			);
			runOnlyForDeploymentPostprocessing = 0;
		};
/* End PBXResourcesBuildPhase section */

/* Begin PBXShellScriptBuildPhase section */
		426E741FB5B7583EFCDB411A /* [CP] Copy Pods Resources */ = {
			isa = PBXShellScriptBuildPhase;
			buildActionMask = 2147483647;
			files = (
			);
			inputPaths = (
			);
			name = "[CP] Copy Pods Resources";
			outputPaths = (
			);
			runOnlyForDeploymentPostprocessing = 0;
			shellPath = /bin/sh;
			shellScript = "\"${SRCROOT}/Pods/Target Support Files/Pods-Todoey/Pods-Todoey-resources.sh\"\n";
			showEnvVarsInLog = 0;
		};
		5DBB8417620757C1BC5E56FD /* [CP] Check Pods Manifest.lock */ = {
			isa = PBXShellScriptBuildPhase;
			buildActionMask = 2147483647;
			files = (
			);
			inputPaths = (
				"${PODS_PODFILE_DIR_PATH}/Podfile.lock",
				"${PODS_ROOT}/Manifest.lock",
			);
			name = "[CP] Check Pods Manifest.lock";
			outputPaths = (
				"$(DERIVED_FILE_DIR)/Pods-Todoey-checkManifestLockResult.txt",
			);
			runOnlyForDeploymentPostprocessing = 0;
			shellPath = /bin/sh;
			shellScript = "diff \"${PODS_PODFILE_DIR_PATH}/Podfile.lock\" \"${PODS_ROOT}/Manifest.lock\" > /dev/null\nif [ $? != 0 ] ; then\n    # print error to STDERR\n    echo \"error: The sandbox is not in sync with the Podfile.lock. Run 'pod install' or update your CocoaPods installation.\" >&2\n    exit 1\nfi\n# This output is used by Xcode 'outputs' to avoid re-running this script phase.\necho \"SUCCESS\" > \"${SCRIPT_OUTPUT_FILE_0}\"\n";
			showEnvVarsInLog = 0;
		};
		66EF82A49B802E5D4BA6E713 /* [CP] Embed Pods Frameworks */ = {
			isa = PBXShellScriptBuildPhase;
			buildActionMask = 2147483647;
			files = (
			);
			inputPaths = (
				"${SRCROOT}/Pods/Target Support Files/Pods-Todoey/Pods-Todoey-frameworks.sh",
				"${BUILT_PRODUCTS_DIR}/Realm/Realm.framework",
				"${BUILT_PRODUCTS_DIR}/RealmSwift/RealmSwift.framework",
			);
			name = "[CP] Embed Pods Frameworks";
			outputPaths = (
				"${TARGET_BUILD_DIR}/${FRAMEWORKS_FOLDER_PATH}/Realm.framework",
				"${TARGET_BUILD_DIR}/${FRAMEWORKS_FOLDER_PATH}/RealmSwift.framework",
			);
			runOnlyForDeploymentPostprocessing = 0;
			shellPath = /bin/sh;
			shellScript = "\"${SRCROOT}/Pods/Target Support Files/Pods-Todoey/Pods-Todoey-frameworks.sh\"\n";
			showEnvVarsInLog = 0;
		};
/* End PBXShellScriptBuildPhase section */

/* Begin PBXSourcesBuildPhase section */
		AAA1B2562020BA5D00BAE997 /* Sources */ = {
			isa = PBXSourcesBuildPhase;
			buildActionMask = 2147483647;
			files = (
				AAA1B29C2024B76600BAE997 /* CategoryViewController.swift in Sources */,
				AAA1B2602020BA5D00BAE997 /* TodoListViewController.swift in Sources */,
				AAA1B29820225DE500BAE997 /* DataModel.xcdatamodeld in Sources */,
				AAA1B25E2020BA5D00BAE997 /* AppDelegate.swift in Sources */,
			);
			runOnlyForDeploymentPostprocessing = 0;
		};
/* End PBXSourcesBuildPhase section */

/* Begin PBXVariantGroup section */
		AAA1B2612020BA5D00BAE997 /* Main.storyboard */ = {
			isa = PBXVariantGroup;
			children = (
				AAA1B2622020BA5D00BAE997 /* Base */,
			);
			name = Main.storyboard;
			sourceTree = "<group>";
		};
		AAA1B2662020BA5D00BAE997 /* LaunchScreen.storyboard */ = {
			isa = PBXVariantGroup;
			children = (
				AAA1B2672020BA5D00BAE997 /* Base */,
			);
			name = LaunchScreen.storyboard;
			sourceTree = "<group>";
		};
/* End PBXVariantGroup section */

/* Begin XCBuildConfiguration section */
		AAA1B26A2020BA5D00BAE997 /* Debug */ = {
			isa = XCBuildConfiguration;
			buildSettings = {
				ALWAYS_SEARCH_USER_PATHS = NO;
				CLANG_ANALYZER_NONNULL = YES;
				CLANG_ANALYZER_NUMBER_OBJECT_CONVERSION = YES_AGGRESSIVE;
				CLANG_CXX_LANGUAGE_STANDARD = "gnu++14";
				CLANG_CXX_LIBRARY = "libc++";
				CLANG_ENABLE_MODULES = YES;
				CLANG_ENABLE_OBJC_ARC = YES;
				CLANG_WARN_BLOCK_CAPTURE_AUTORELEASING = YES;
				CLANG_WARN_BOOL_CONVERSION = YES;
				CLANG_WARN_COMMA = YES;
				CLANG_WARN_CONSTANT_CONVERSION = YES;
				CLANG_WARN_DIRECT_OBJC_ISA_USAGE = YES_ERROR;
				CLANG_WARN_DOCUMENTATION_COMMENTS = YES;
				CLANG_WARN_EMPTY_BODY = YES;
				CLANG_WARN_ENUM_CONVERSION = YES;
				CLANG_WARN_INFINITE_RECURSION = YES;
				CLANG_WARN_INT_CONVERSION = YES;
				CLANG_WARN_NON_LITERAL_NULL_CONVERSION = YES;
				CLANG_WARN_OBJC_LITERAL_CONVERSION = YES;
				CLANG_WARN_OBJC_ROOT_CLASS = YES_ERROR;
				CLANG_WARN_RANGE_LOOP_ANALYSIS = YES;
				CLANG_WARN_STRICT_PROTOTYPES = YES;
				CLANG_WARN_SUSPICIOUS_MOVE = YES;
				CLANG_WARN_UNGUARDED_AVAILABILITY = YES_AGGRESSIVE;
				CLANG_WARN_UNREACHABLE_CODE = YES;
				CLANG_WARN__DUPLICATE_METHOD_MATCH = YES;
				CODE_SIGN_IDENTITY = "iPhone Developer";
				COPY_PHASE_STRIP = NO;
				DEBUG_INFORMATION_FORMAT = dwarf;
				ENABLE_STRICT_OBJC_MSGSEND = YES;
				ENABLE_TESTABILITY = YES;
				GCC_C_LANGUAGE_STANDARD = gnu11;
				GCC_DYNAMIC_NO_PIC = NO;
				GCC_NO_COMMON_BLOCKS = YES;
				GCC_OPTIMIZATION_LEVEL = 0;
				GCC_PREPROCESSOR_DEFINITIONS = (
					"DEBUG=1",
					"$(inherited)",
				);
				GCC_WARN_64_TO_32_BIT_CONVERSION = YES;
				GCC_WARN_ABOUT_RETURN_TYPE = YES_ERROR;
				GCC_WARN_UNDECLARED_SELECTOR = YES;
				GCC_WARN_UNINITIALIZED_AUTOS = YES_AGGRESSIVE;
				GCC_WARN_UNUSED_FUNCTION = YES;
				GCC_WARN_UNUSED_VARIABLE = YES;
				IPHONEOS_DEPLOYMENT_TARGET = 11.2;
				MTL_ENABLE_DEBUG_INFO = YES;
				ONLY_ACTIVE_ARCH = YES;
				SDKROOT = iphoneos;
				SWIFT_ACTIVE_COMPILATION_CONDITIONS = DEBUG;
				SWIFT_OPTIMIZATION_LEVEL = "-Onone";
			};
			name = Debug;
		};
		AAA1B26B2020BA5D00BAE997 /* Release */ = {
			isa = XCBuildConfiguration;
			buildSettings = {
				ALWAYS_SEARCH_USER_PATHS = NO;
				CLANG_ANALYZER_NONNULL = YES;
				CLANG_ANALYZER_NUMBER_OBJECT_CONVERSION = YES_AGGRESSIVE;
				CLANG_CXX_LANGUAGE_STANDARD = "gnu++14";
				CLANG_CXX_LIBRARY = "libc++";
				CLANG_ENABLE_MODULES = YES;
				CLANG_ENABLE_OBJC_ARC = YES;
				CLANG_WARN_BLOCK_CAPTURE_AUTORELEASING = YES;
				CLANG_WARN_BOOL_CONVERSION = YES;
				CLANG_WARN_COMMA = YES;
				CLANG_WARN_CONSTANT_CONVERSION = YES;
				CLANG_WARN_DIRECT_OBJC_ISA_USAGE = YES_ERROR;
				CLANG_WARN_DOCUMENTATION_COMMENTS = YES;
				CLANG_WARN_EMPTY_BODY = YES;
				CLANG_WARN_ENUM_CONVERSION = YES;
				CLANG_WARN_INFINITE_RECURSION = YES;
				CLANG_WARN_INT_CONVERSION = YES;
				CLANG_WARN_NON_LITERAL_NULL_CONVERSION = YES;
				CLANG_WARN_OBJC_LITERAL_CONVERSION = YES;
				CLANG_WARN_OBJC_ROOT_CLASS = YES_ERROR;
				CLANG_WARN_RANGE_LOOP_ANALYSIS = YES;
				CLANG_WARN_STRICT_PROTOTYPES = YES;
				CLANG_WARN_SUSPICIOUS_MOVE = YES;
				CLANG_WARN_UNGUARDED_AVAILABILITY = YES_AGGRESSIVE;
				CLANG_WARN_UNREACHABLE_CODE = YES;
				CLANG_WARN__DUPLICATE_METHOD_MATCH = YES;
				CODE_SIGN_IDENTITY = "iPhone Developer";
				COPY_PHASE_STRIP = NO;
				DEBUG_INFORMATION_FORMAT = "dwarf-with-dsym";
				ENABLE_NS_ASSERTIONS = NO;
				ENABLE_STRICT_OBJC_MSGSEND = YES;
				GCC_C_LANGUAGE_STANDARD = gnu11;
				GCC_NO_COMMON_BLOCKS = YES;
				GCC_WARN_64_TO_32_BIT_CONVERSION = YES;
				GCC_WARN_ABOUT_RETURN_TYPE = YES_ERROR;
				GCC_WARN_UNDECLARED_SELECTOR = YES;
				GCC_WARN_UNINITIALIZED_AUTOS = YES_AGGRESSIVE;
				GCC_WARN_UNUSED_FUNCTION = YES;
				GCC_WARN_UNUSED_VARIABLE = YES;
				IPHONEOS_DEPLOYMENT_TARGET = 11.2;
				MTL_ENABLE_DEBUG_INFO = NO;
				SDKROOT = iphoneos;
				SWIFT_OPTIMIZATION_LEVEL = "-Owholemodule";
				VALIDATE_PRODUCT = YES;
			};
			name = Release;
		};
		AAA1B26D2020BA5D00BAE997 /* Debug */ = {
			isa = XCBuildConfiguration;
			baseConfigurationReference = 77F86DD78E8B92EFA43EBE7B /* Pods-Todoey.debug.xcconfig */;
			buildSettings = {
				ASSETCATALOG_COMPILER_APPICON_NAME = AppIcon;
				CODE_SIGN_STYLE = Automatic;
				INFOPLIST_FILE = Todoey/Info.plist;
				LD_RUNPATH_SEARCH_PATHS = "$(inherited) @executable_path/Frameworks";
				PRODUCT_BUNDLE_IDENTIFIER = com.ChristianLessard.Todoey;
				PRODUCT_NAME = "$(TARGET_NAME)";
				SWIFT_VERSION = 4.0;
				TARGETED_DEVICE_FAMILY = "1,2";
			};
			name = Debug;
		};
		AAA1B26E2020BA5D00BAE997 /* Release */ = {
			isa = XCBuildConfiguration;
			baseConfigurationReference = 7E1A43B509CE248F52650C67 /* Pods-Todoey.release.xcconfig */;
			buildSettings = {
				ASSETCATALOG_COMPILER_APPICON_NAME = AppIcon;
				CODE_SIGN_STYLE = Automatic;
				INFOPLIST_FILE = Todoey/Info.plist;
				LD_RUNPATH_SEARCH_PATHS = "$(inherited) @executable_path/Frameworks";
				PRODUCT_BUNDLE_IDENTIFIER = com.ChristianLessard.Todoey;
				PRODUCT_NAME = "$(TARGET_NAME)";
				SWIFT_VERSION = 4.0;
				TARGETED_DEVICE_FAMILY = "1,2";
			};
			name = Release;
		};
/* End XCBuildConfiguration section */

/* Begin XCConfigurationList section */
		AAA1B2552020BA5D00BAE997 /* Build configuration list for PBXProject "Todoey" */ = {
			isa = XCConfigurationList;
			buildConfigurations = (
				AAA1B26A2020BA5D00BAE997 /* Debug */,
				AAA1B26B2020BA5D00BAE997 /* Release */,
			);
			defaultConfigurationIsVisible = 0;
			defaultConfigurationName = Release;
		};
		AAA1B26C2020BA5D00BAE997 /* Build configuration list for PBXNativeTarget "Todoey" */ = {
			isa = XCConfigurationList;
			buildConfigurations = (
				AAA1B26D2020BA5D00BAE997 /* Debug */,
				AAA1B26E2020BA5D00BAE997 /* Release */,
			);
			defaultConfigurationIsVisible = 0;
			defaultConfigurationName = Release;
		};
/* End XCConfigurationList section */

/* Begin XCVersionGroup section */
		AAA1B29620225DE500BAE997 /* DataModel.xcdatamodeld */ = {
			isa = XCVersionGroup;
			children = (
				AAA1B29720225DE500BAE997 /* DataModel.xcdatamodel */,
			);
			currentVersion = AAA1B29720225DE500BAE997 /* DataModel.xcdatamodel */;
			path = DataModel.xcdatamodeld;
			sourceTree = "<group>";
			versionGroupType = wrapper.xcdatamodel;
		};
/* End XCVersionGroup section */
	};
	rootObject = AAA1B2522020BA5D00BAE997 /* Project object */;
}
